
Microsoft Visual Studio Solution File, Format Version 12.00
# Visual Studio Version 17
VisualStudioVersion = 17.12.35514.174
MinimumVisualStudioVersion = 10.0.40219.1
Project("{2150E333-8FDC-42A3-9474-1A3956D46DE8}") = "Task0", "Task0", "{1746E8E7-5253-4BB8-93E4-2A3B4D668BF8}"
EndProject
Project("{FAE04EC0-301F-11D3-BF4B-00C04F79EFBC}") = "Tyuiu.AidemirAF.Sprint6.Task0.V21.Lib", "Tyuiu.AidemirAF.Sprint6.Task0.V21.Lib\Tyuiu.AidemirAF.Sprint6.Task0.V21.Lib.csproj", "{7A40522A-1070-418D-A0F5-461AB686E12E}"
EndProject
Project("{FAE04EC0-301F-11D3-BF4B-00C04F79EFBC}") = "Tyuiu.AidemirAF.Sprint6.Task0.V21.Test", "Tyuiu.AidemirAF.Sprint6.Task0.V21.Test\Tyuiu.AidemirAF.Sprint6.Task0.V21.Test.csproj", "{FE8CE29B-F770-40DC-BB32-547BF1996B31}"
EndProject
Project("{FAE04EC0-301F-11D3-BF4B-00C04F79EFBC}") = "Tyuiu.AidemirAF.Sprint6.Task0.V21", "Tyuiu.AidemirAF.Sprint6.Task0.V21\Tyuiu.AidemirAF.Sprint6.Task0.V21.csproj", "{CC7D18E1-4424-444D-A833-152FAE0CC7C7}"
EndProject
Global
	GlobalSection(SolutionConfigurationPlatforms) = preSolution
		Debug|Any CPU = Debug|Any CPU
		Release|Any CPU = Release|Any CPU
	EndGlobalSection
	GlobalSection(ProjectConfigurationPlatforms) = postSolution
		{7A40522A-1070-418D-A0F5-461AB686E12E}.Debug|Any CPU.ActiveCfg = Debug|Any CPU
		{7A40522A-1070-418D-A0F5-461AB686E12E}.Debug|Any CPU.Build.0 = Debug|Any CPU
		{7A40522A-1070-418D-A0F5-461AB686E12E}.Release|Any CPU.ActiveCfg = Release|Any CPU
		{7A40522A-1070-418D-A0F5-461AB686E12E}.Release|Any CPU.Build.0 = Release|Any CPU
		{FE8CE29B-F770-40DC-BB32-547BF1996B31}.Debug|Any CPU.ActiveCfg = Debug|Any CPU
		{FE8CE29B-F770-40DC-BB32-547BF1996B31}.Debug|Any CPU.Build.0 = Debug|Any CPU
		{FE8CE29B-F770-40DC-BB32-547BF1996B31}.Release|Any CPU.ActiveCfg = Release|Any CPU
		{FE8CE29B-F770-40DC-BB32-547BF1996B31}.Release|Any CPU.Build.0 = Release|Any CPU
		{CC7D18E1-4424-444D-A833-152FAE0CC7C7}.Debug|Any CPU.ActiveCfg = Debug|Any CPU
		{CC7D18E1-4424-444D-A833-152FAE0CC7C7}.Debug|Any CPU.Build.0 = Debug|Any CPU
		{CC7D18E1-4424-444D-A833-152FAE0CC7C7}.Release|Any CPU.ActiveCfg = Release|Any CPU
		{CC7D18E1-4424-444D-A833-152FAE0CC7C7}.Release|Any CPU.Build.0 = Release|Any CPU
	EndGlobalSection
	GlobalSection(SolutionProperties) = preSolution
		HideSolutionNode = FALSE
	EndGlobalSection
	GlobalSection(NestedProjects) = preSolution
		{7A40522A-1070-418D-A0F5-461AB686E12E} = {1746E8E7-5253-4BB8-93E4-2A3B4D668BF8}
		{FE8CE29B-F770-40DC-BB32-547BF1996B31} = {1746E8E7-5253-4BB8-93E4-2A3B4D668BF8}
		{CC7D18E1-4424-444D-A833-152FAE0CC7C7} = {1746E8E7-5253-4BB8-93E4-2A3B4D668BF8}
	EndGlobalSection
EndGlobal
