
Microsoft Visual Studio Solution File, Format Version 12.00
# Visual Studio Version 17
VisualStudioVersion = 17.12.35514.174
MinimumVisualStudioVersion = 10.0.40219.1
Project("{2150E333-8FDC-42A3-9474-1A3956D46DE8}") = "Task0", "Task0", "{1746E8E7-5253-4BB8-93E4-2A3B4D668BF8}"
EndProject
Project("{FAE04EC0-301F-11D3-BF4B-00C04F79EFBC}") = "Tyuiu.AidemirAF.Sprint6.Task0.V21.Lib", "Tyuiu.AidemirAF.Sprint6.Task0.V21.Lib\Tyuiu.AidemirAF.Sprint6.Task0.V21.Lib.csproj", "{7A40522A-1070-418D-A0F5-461AB686E12E}"
EndProject
Project("{FAE04EC0-301F-11D3-BF4B-00C04F79EFBC}") = "Tyuiu.AidemirAF.Sprint6.Task0.V21.Test", "Tyuiu.AidemirAF.Sprint6.Task0.V21.Test\Tyuiu.AidemirAF.Sprint6.Task0.V21.Test.csproj", "{FE8CE29B-F770-40DC-BB32-547BF1996B31}"
EndProject
Project("{FAE04EC0-301F-11D3-BF4B-00C04F79EFBC}") = "Tyuiu.AidemirAF.Sprint6.Task0.V21", "Tyuiu.AidemirAF.Sprint6.Task0.V21\Tyuiu.AidemirAF.Sprint6.Task0.V21.csproj", "{CC7D18E1-4424-444D-A833-152FAE0CC7C7}"
EndProject
Project("{2150E333-8FDC-42A3-9474-1A3956D46DE8}") = "Task1", "Task1", "{59CA7EAC-E256-4D89-9FB7-60C40840D1DF}"
EndProject
Project("{FAE04EC0-301F-11D3-BF4B-00C04F79EFBC}") = "Tyuiu.AidemirAF.Sprint6.Task1.V21.Test", "Tyuiu.AidemirAF.Sprint6.Task1.V21.Test\Tyuiu.AidemirAF.Sprint6.Task1.V21.Test.csproj", "{B37AFD63-5D47-420C-8F3B-80B81C8394FE}"
EndProject
Project("{FAE04EC0-301F-11D3-BF4B-00C04F79EFBC}") = "Tyuiu.AidemirAF.Sprint6.Task1.V21.Lib", "Tyuiu.AidemirAF.Sprint6.Task1.V21.Lib\Tyuiu.AidemirAF.Sprint6.Task1.V21.Lib.csproj", "{8FFB873C-57FA-487B-B97D-EDC6621C7BE0}"
EndProject
Project("{FAE04EC0-301F-11D3-BF4B-00C04F79EFBC}") = "Tyuiu.AidemirAF.Sprint6.Task1.V21", "Tyuiu.AidemirAF.Sprint6.Task1.V21\Tyuiu.AidemirAF.Sprint6.Task1.V21.csproj", "{A062CCD7-E9C9-4ECA-8791-2869D09E3314}"
EndProject
Global
	GlobalSection(SolutionConfigurationPlatforms) = preSolution
		Debug|Any CPU = Debug|Any CPU
		Release|Any CPU = Release|Any CPU
	EndGlobalSection
	GlobalSection(ProjectConfigurationPlatforms) = postSolution
		{7A40522A-1070-418D-A0F5-461AB686E12E}.Debug|Any CPU.ActiveCfg = Debug|Any CPU
		{7A40522A-1070-418D-A0F5-461AB686E12E}.Debug|Any CPU.Build.0 = Debug|Any CPU
		{7A40522A-1070-418D-A0F5-461AB686E12E}.Release|Any CPU.ActiveCfg = Release|Any CPU
		{7A40522A-1070-418D-A0F5-461AB686E12E}.Release|Any CPU.Build.0 = Release|Any CPU
		{FE8CE29B-F770-40DC-BB32-547BF1996B31}.Debug|Any CPU.ActiveCfg = Debug|Any CPU
		{FE8CE29B-F770-40DC-BB32-547BF1996B31}.Debug|Any CPU.Build.0 = Debug|Any CPU
		{FE8CE29B-F770-40DC-BB32-547BF1996B31}.Release|Any CPU.ActiveCfg = Release|Any CPU
		{FE8CE29B-F770-40DC-BB32-547BF1996B31}.Release|Any CPU.Build.0 = Release|Any CPU
		{CC7D18E1-4424-444D-A833-152FAE0CC7C7}.Debug|Any CPU.ActiveCfg = Debug|Any CPU
		{CC7D18E1-4424-444D-A833-152FAE0CC7C7}.Debug|Any CPU.Build.0 = Debug|Any CPU
		{CC7D18E1-4424-444D-A833-152FAE0CC7C7}.Release|Any CPU.ActiveCfg = Release|Any CPU
		{CC7D18E1-4424-444D-A833-152FAE0CC7C7}.Release|Any CPU.Build.0 = Release|Any CPU
		{B37AFD63-5D47-420C-8F3B-80B81C8394FE}.Debug|Any CPU.ActiveCfg = Debug|Any CPU
		{B37AFD63-5D47-420C-8F3B-80B81C8394FE}.Debug|Any CPU.Build.0 = Debug|Any CPU
		{B37AFD63-5D47-420C-8F3B-80B81C8394FE}.Release|Any CPU.ActiveCfg = Release|Any CPU
		{B37AFD63-5D47-420C-8F3B-80B81C8394FE}.Release|Any CPU.Build.0 = Release|Any CPU
		{8FFB873C-57FA-487B-B97D-EDC6621C7BE0}.Debug|Any CPU.ActiveCfg = Debug|Any CPU
		{8FFB873C-57FA-487B-B97D-EDC6621C7BE0}.Debug|Any CPU.Build.0 = Debug|Any CPU
		{8FFB873C-57FA-487B-B97D-EDC6621C7BE0}.Release|Any CPU.ActiveCfg = Release|Any CPU
		{8FFB873C-57FA-487B-B97D-EDC6621C7BE0}.Release|Any CPU.Build.0 = Release|Any CPU
		{A062CCD7-E9C9-4ECA-8791-2869D09E3314}.Debug|Any CPU.ActiveCfg = Debug|Any CPU
		{A062CCD7-E9C9-4ECA-8791-2869D09E3314}.Debug|Any CPU.Build.0 = Debug|Any CPU
		{A062CCD7-E9C9-4ECA-8791-2869D09E3314}.Release|Any CPU.ActiveCfg = Release|Any CPU
		{A062CCD7-E9C9-4ECA-8791-2869D09E3314}.Release|Any CPU.Build.0 = Release|Any CPU
	EndGlobalSection
	GlobalSection(SolutionProperties) = preSolution
		HideSolutionNode = FALSE
	EndGlobalSection
	GlobalSection(NestedProjects) = preSolution
		{7A40522A-1070-418D-A0F5-461AB686E12E} = {1746E8E7-5253-4BB8-93E4-2A3B4D668BF8}
		{FE8CE29B-F770-40DC-BB32-547BF1996B31} = {1746E8E7-5253-4BB8-93E4-2A3B4D668BF8}
		{CC7D18E1-4424-444D-A833-152FAE0CC7C7} = {1746E8E7-5253-4BB8-93E4-2A3B4D668BF8}
		{B37AFD63-5D47-420C-8F3B-80B81C8394FE} = {59CA7EAC-E256-4D89-9FB7-60C40840D1DF}
		{8FFB873C-57FA-487B-B97D-EDC6621C7BE0} = {59CA7EAC-E256-4D89-9FB7-60C40840D1DF}
		{A062CCD7-E9C9-4ECA-8791-2869D09E3314} = {59CA7EAC-E256-4D89-9FB7-60C40840D1DF}
	EndGlobalSection
EndGlobal
